
Microsoft Visual Studio Solution File, Format Version 12.00
# Visual Studio Version 17
VisualStudioVersion = 17.13.35931.197 d17.13
MinimumVisualStudioVersion = 10.0.40219.1
Project("{FAE04EC0-301F-11D3-BF4B-00C04F79EFBC}") = "WpfControlsDemo", "WpfControlsDemo\WpfControlsDemo.csproj", "{A5DA4E34-9541-4A8D-96BE-B3ABD6CF3438}"
EndProject
Global
	GlobalSection(SolutionConfigurationPlatforms) = preSolution
		Debug|Any CPU = Debug|Any CPU
		Release|Any CPU = Release|Any CPU
	EndGlobalSection
	GlobalSection(ProjectConfigurationPlatforms) = postSolution
		{A5DA4E34-9541-4A8D-96BE-B3ABD6CF3438}.Debug|Any CPU.ActiveCfg = Debug|Any CPU
		{A5DA4E34-9541-4A8D-96BE-B3ABD6CF3438}.Debug|Any CPU.Build.0 = Debug|Any CPU
		{A5DA4E34-9541-4A8D-96BE-B3ABD6CF3438}.Release|Any CPU.ActiveCfg = Release|Any CPU
		{A5DA4E34-9541-4A8D-96BE-B3ABD6CF3438}.Release|Any CPU.Build.0 = Release|Any CPU
	EndGlobalSection
	GlobalSection(SolutionProperties) = preSolution
		HideSolutionNode = FALSE
	EndGlobalSection
	GlobalSection(ExtensibilityGlobals) = postSolution
		SolutionGuid = {C7302C08-2F48-4268-BE75-431221D47722}
	EndGlobalSection
EndGlobal
