
Microsoft Visual Studio Solution File, Format Version 12.00
# Visual Studio Version 17
VisualStudioVersion = 17.13.35931.197 d17.13
MinimumVisualStudioVersion = 10.0.40219.1
Project("{FAE04EC0-301F-11D3-BF4B-00C04F79EFBC}") = "05_06", "05_06\05_06.csproj", "{B5AE7D40-3F03-4BAD-A2F7-10CC7E8DD176}"
EndProject
Global
	GlobalSection(SolutionConfigurationPlatforms) = preSolution
		Debug|Any CPU = Debug|Any CPU
		Release|Any CPU = Release|Any CPU
	EndGlobalSection
	GlobalSection(ProjectConfigurationPlatforms) = postSolution
		{B5AE7D40-3F03-4BAD-A2F7-10CC7E8DD176}.Debug|Any CPU.ActiveCfg = Debug|Any CPU
		{B5AE7D40-3F03-4BAD-A2F7-10CC7E8DD176}.Debug|Any CPU.Build.0 = Debug|Any CPU
		{B5AE7D40-3F03-4BAD-A2F7-10CC7E8DD176}.Release|Any CPU.ActiveCfg = Release|Any CPU
		{B5AE7D40-3F03-4BAD-A2F7-10CC7E8DD176}.Release|Any CPU.Build.0 = Release|Any CPU
	EndGlobalSection
	GlobalSection(SolutionProperties) = preSolution
		HideSolutionNode = FALSE
	EndGlobalSection
	GlobalSection(ExtensibilityGlobals) = postSolution
		SolutionGuid = {7142E047-3A7F-4AAE-B96F-264DB702EAD2}
	EndGlobalSection
EndGlobal
