
Microsoft Visual Studio Solution File, Format Version 12.00
# Visual Studio Version 17
VisualStudioVersion = 17.13.35931.197 d17.13
MinimumVisualStudioVersion = 10.0.40219.1
Project("{FAE04EC0-301F-11D3-BF4B-00C04F79EFBC}") = "20_06", "20_06\20_06.csproj", "{ED3C9825-A44D-4462-B0A8-DC297307AAC3}"
EndProject
Global
	GlobalSection(SolutionConfigurationPlatforms) = preSolution
		Debug|Any CPU = Debug|Any CPU
		Release|Any CPU = Release|Any CPU
	EndGlobalSection
	GlobalSection(ProjectConfigurationPlatforms) = postSolution
		{ED3C9825-A44D-4462-B0A8-DC297307AAC3}.Debug|Any CPU.ActiveCfg = Debug|Any CPU
		{ED3C9825-A44D-4462-B0A8-DC297307AAC3}.Debug|Any CPU.Build.0 = Debug|Any CPU
		{ED3C9825-A44D-4462-B0A8-DC297307AAC3}.Release|Any CPU.ActiveCfg = Release|Any CPU
		{ED3C9825-A44D-4462-B0A8-DC297307AAC3}.Release|Any CPU.Build.0 = Release|Any CPU
	EndGlobalSection
	GlobalSection(SolutionProperties) = preSolution
		HideSolutionNode = FALSE
	EndGlobalSection
	GlobalSection(ExtensibilityGlobals) = postSolution
		SolutionGuid = {5AED6FCC-857A-4C7E-A432-A393F593E0CE}
	EndGlobalSection
EndGlobal
