
Microsoft Visual Studio Solution File, Format Version 12.00
# Visual Studio Version 17
VisualStudioVersion = 17.13.35931.197 d17.13
MinimumVisualStudioVersion = 10.0.40219.1
Project("{FAE04EC0-301F-11D3-BF4B-00C04F79EFBC}") = "19_05", "19_05\19_05.csproj", "{535C6F18-CA84-4C07-9B70-3D8109C6C5BE}"
EndProject
Global
	GlobalSection(SolutionConfigurationPlatforms) = preSolution
		Debug|Any CPU = Debug|Any CPU
		Release|Any CPU = Release|Any CPU
	EndGlobalSection
	GlobalSection(ProjectConfigurationPlatforms) = postSolution
		{535C6F18-CA84-4C07-9B70-3D8109C6C5BE}.Debug|Any CPU.ActiveCfg = Debug|Any CPU
		{535C6F18-CA84-4C07-9B70-3D8109C6C5BE}.Debug|Any CPU.Build.0 = Debug|Any CPU
		{535C6F18-CA84-4C07-9B70-3D8109C6C5BE}.Release|Any CPU.ActiveCfg = Release|Any CPU
		{535C6F18-CA84-4C07-9B70-3D8109C6C5BE}.Release|Any CPU.Build.0 = Release|Any CPU
	EndGlobalSection
	GlobalSection(SolutionProperties) = preSolution
		HideSolutionNode = FALSE
	EndGlobalSection
	GlobalSection(ExtensibilityGlobals) = postSolution
		SolutionGuid = {A076FC2C-245D-4BBF-9144-9C1606633DF9}
	EndGlobalSection
EndGlobal
