
Microsoft Visual Studio Solution File, Format Version 12.00
# Visual Studio Version 17
VisualStudioVersion = 17.13.35931.197 d17.13
MinimumVisualStudioVersion = 10.0.40219.1
Project("{FAE04EC0-301F-11D3-BF4B-00C04F79EFBC}") = "13_05", "13_05\13_05.csproj", "{AC0DB8D6-2DC4-4EA0-BC82-604F1FBC7EB1}"
EndProject
Global
	GlobalSection(SolutionConfigurationPlatforms) = preSolution
		Debug|Any CPU = Debug|Any CPU
		Release|Any CPU = Release|Any CPU
	EndGlobalSection
	GlobalSection(ProjectConfigurationPlatforms) = postSolution
		{AC0DB8D6-2DC4-4EA0-BC82-604F1FBC7EB1}.Debug|Any CPU.ActiveCfg = Debug|Any CPU
		{AC0DB8D6-2DC4-4EA0-BC82-604F1FBC7EB1}.Debug|Any CPU.Build.0 = Debug|Any CPU
		{AC0DB8D6-2DC4-4EA0-BC82-604F1FBC7EB1}.Release|Any CPU.ActiveCfg = Release|Any CPU
		{AC0DB8D6-2DC4-4EA0-BC82-604F1FBC7EB1}.Release|Any CPU.Build.0 = Release|Any CPU
	EndGlobalSection
	GlobalSection(SolutionProperties) = preSolution
		HideSolutionNode = FALSE
	EndGlobalSection
	GlobalSection(ExtensibilityGlobals) = postSolution
		SolutionGuid = {B8C9828E-DC0A-4279-B640-CF5B5C18A9E9}
	EndGlobalSection
EndGlobal
