
Microsoft Visual Studio Solution File, Format Version 12.00
# Visual Studio Version 17
VisualStudioVersion = 17.13.35931.197 d17.13
MinimumVisualStudioVersion = 10.0.40219.1
Project("{FAE04EC0-301F-11D3-BF4B-00C04F79EFBC}") = "03_06_02", "03_06_02\03_06_02.csproj", "{21EC207A-55F6-4838-ACE1-C91409C94FBD}"
EndProject
Global
	GlobalSection(SolutionConfigurationPlatforms) = preSolution
		Debug|Any CPU = Debug|Any CPU
		Release|Any CPU = Release|Any CPU
	EndGlobalSection
	GlobalSection(ProjectConfigurationPlatforms) = postSolution
		{21EC207A-55F6-4838-ACE1-C91409C94FBD}.Debug|Any CPU.ActiveCfg = Debug|Any CPU
		{21EC207A-55F6-4838-ACE1-C91409C94FBD}.Debug|Any CPU.Build.0 = Debug|Any CPU
		{21EC207A-55F6-4838-ACE1-C91409C94FBD}.Release|Any CPU.ActiveCfg = Release|Any CPU
		{21EC207A-55F6-4838-ACE1-C91409C94FBD}.Release|Any CPU.Build.0 = Release|Any CPU
	EndGlobalSection
	GlobalSection(SolutionProperties) = preSolution
		HideSolutionNode = FALSE
	EndGlobalSection
	GlobalSection(ExtensibilityGlobals) = postSolution
		SolutionGuid = {E7A2E6F8-C74A-47A0-8967-55265F1E7D10}
	EndGlobalSection
EndGlobal
