
Microsoft Visual Studio Solution File, Format Version 12.00
# Visual Studio Version 17
VisualStudioVersion = 17.13.35931.197 d17.13
MinimumVisualStudioVersion = 10.0.40219.1
Project("{FAE04EC0-301F-11D3-BF4B-00C04F79EFBC}") = "07_05", "07_05\07_05.csproj", "{28069523-3705-46BC-B892-0DC20E213BA9}"
EndProject
Global
	GlobalSection(SolutionConfigurationPlatforms) = preSolution
		Debug|Any CPU = Debug|Any CPU
		Release|Any CPU = Release|Any CPU
	EndGlobalSection
	GlobalSection(ProjectConfigurationPlatforms) = postSolution
		{28069523-3705-46BC-B892-0DC20E213BA9}.Debug|Any CPU.ActiveCfg = Debug|Any CPU
		{28069523-3705-46BC-B892-0DC20E213BA9}.Debug|Any CPU.Build.0 = Debug|Any CPU
		{28069523-3705-46BC-B892-0DC20E213BA9}.Release|Any CPU.ActiveCfg = Release|Any CPU
		{28069523-3705-46BC-B892-0DC20E213BA9}.Release|Any CPU.Build.0 = Release|Any CPU
	EndGlobalSection
	GlobalSection(SolutionProperties) = preSolution
		HideSolutionNode = FALSE
	EndGlobalSection
	GlobalSection(ExtensibilityGlobals) = postSolution
		SolutionGuid = {EADDB89F-813E-4BD6-A898-53CCEA048F21}
	EndGlobalSection
EndGlobal
