
Microsoft Visual Studio Solution File, Format Version 12.00
# Visual Studio Version 17
VisualStudioVersion = 17.13.35931.197 d17.13
MinimumVisualStudioVersion = 10.0.40219.1
Project("{FAE04EC0-301F-11D3-BF4B-00C04F79EFBC}") = "19_06", "19_06\19_06.csproj", "{28F21B3A-81BC-43BD-8127-83508121D2D2}"
EndProject
Global
	GlobalSection(SolutionConfigurationPlatforms) = preSolution
		Debug|Any CPU = Debug|Any CPU
		Release|Any CPU = Release|Any CPU
	EndGlobalSection
	GlobalSection(ProjectConfigurationPlatforms) = postSolution
		{28F21B3A-81BC-43BD-8127-83508121D2D2}.Debug|Any CPU.ActiveCfg = Debug|Any CPU
		{28F21B3A-81BC-43BD-8127-83508121D2D2}.Debug|Any CPU.Build.0 = Debug|Any CPU
		{28F21B3A-81BC-43BD-8127-83508121D2D2}.Release|Any CPU.ActiveCfg = Release|Any CPU
		{28F21B3A-81BC-43BD-8127-83508121D2D2}.Release|Any CPU.Build.0 = Release|Any CPU
	EndGlobalSection
	GlobalSection(SolutionProperties) = preSolution
		HideSolutionNode = FALSE
	EndGlobalSection
	GlobalSection(ExtensibilityGlobals) = postSolution
		SolutionGuid = {F64ED5A1-4EE9-4ACD-BE79-3829636D4DF0}
	EndGlobalSection
EndGlobal
