
Microsoft Visual Studio Solution File, Format Version 12.00
# Visual Studio Version 17
VisualStudioVersion = 17.13.35931.197 d17.13
MinimumVisualStudioVersion = 10.0.40219.1
Project("{FAE04EC0-301F-11D3-BF4B-00C04F79EFBC}") = "27_05", "27_05\27_05.csproj", "{0D44AA2E-0CA6-4D04-B1D4-ED143DC634DB}"
EndProject
Global
	GlobalSection(SolutionConfigurationPlatforms) = preSolution
		Debug|Any CPU = Debug|Any CPU
		Release|Any CPU = Release|Any CPU
	EndGlobalSection
	GlobalSection(ProjectConfigurationPlatforms) = postSolution
		{0D44AA2E-0CA6-4D04-B1D4-ED143DC634DB}.Debug|Any CPU.ActiveCfg = Debug|Any CPU
		{0D44AA2E-0CA6-4D04-B1D4-ED143DC634DB}.Debug|Any CPU.Build.0 = Debug|Any CPU
		{0D44AA2E-0CA6-4D04-B1D4-ED143DC634DB}.Release|Any CPU.ActiveCfg = Release|Any CPU
		{0D44AA2E-0CA6-4D04-B1D4-ED143DC634DB}.Release|Any CPU.Build.0 = Release|Any CPU
	EndGlobalSection
	GlobalSection(SolutionProperties) = preSolution
		HideSolutionNode = FALSE
	EndGlobalSection
	GlobalSection(ExtensibilityGlobals) = postSolution
		SolutionGuid = {60F4A64E-3245-4FAE-9AFF-260734BAF05F}
	EndGlobalSection
EndGlobal
