
Microsoft Visual Studio Solution File, Format Version 12.00
# Visual Studio Version 17
VisualStudioVersion = 17.9.34714.143
MinimumVisualStudioVersion = 10.0.40219.1
Project("{8BC9CEB8-8B4A-11D0-8D11-00A0C91BC942}") = "29.01.2025", "29.01.2025\29.01.2025.vcxproj", "{41DD520D-6B03-4B1A-98A7-FB04EA9178FA}"
EndProject
Global
	GlobalSection(SolutionConfigurationPlatforms) = preSolution
		Debug|x64 = Debug|x64
		Debug|x86 = Debug|x86
		Release|x64 = Release|x64
		Release|x86 = Release|x86
	EndGlobalSection
	GlobalSection(ProjectConfigurationPlatforms) = postSolution
		{41DD520D-6B03-4B1A-98A7-FB04EA9178FA}.Debug|x64.ActiveCfg = Debug|x64
		{41DD520D-6B03-4B1A-98A7-FB04EA9178FA}.Debug|x64.Build.0 = Debug|x64
		{41DD520D-6B03-4B1A-98A7-FB04EA9178FA}.Debug|x86.ActiveCfg = Debug|Win32
		{41DD520D-6B03-4B1A-98A7-FB04EA9178FA}.Debug|x86.Build.0 = Debug|Win32
		{41DD520D-6B03-4B1A-98A7-FB04EA9178FA}.Release|x64.ActiveCfg = Release|x64
		{41DD520D-6B03-4B1A-98A7-FB04EA9178FA}.Release|x64.Build.0 = Release|x64
		{41DD520D-6B03-4B1A-98A7-FB04EA9178FA}.Release|x86.ActiveCfg = Release|Win32
		{41DD520D-6B03-4B1A-98A7-FB04EA9178FA}.Release|x86.Build.0 = Release|Win32
	EndGlobalSection
	GlobalSection(SolutionProperties) = preSolution
		HideSolutionNode = FALSE
	EndGlobalSection
	GlobalSection(ExtensibilityGlobals) = postSolution
		SolutionGuid = {89B5CF51-DBA5-408C-AEA2-B04E4D4D627C}
	EndGlobalSection
EndGlobal
