
Microsoft Visual Studio Solution File, Format Version 12.00
# Visual Studio Version 17
VisualStudioVersion = 17.13.35931.197 d17.13
MinimumVisualStudioVersion = 10.0.40219.1
Project("{FAE04EC0-301F-11D3-BF4B-00C04F79EFBC}") = "11.06", "11.06\11.06.csproj", "{E2DCBF8A-20C0-4038-9B85-18C6C2A484FD}"
EndProject
Global
	GlobalSection(SolutionConfigurationPlatforms) = preSolution
		Debug|Any CPU = Debug|Any CPU
		Release|Any CPU = Release|Any CPU
	EndGlobalSection
	GlobalSection(ProjectConfigurationPlatforms) = postSolution
		{E2DCBF8A-20C0-4038-9B85-18C6C2A484FD}.Debug|Any CPU.ActiveCfg = Debug|Any CPU
		{E2DCBF8A-20C0-4038-9B85-18C6C2A484FD}.Debug|Any CPU.Build.0 = Debug|Any CPU
		{E2DCBF8A-20C0-4038-9B85-18C6C2A484FD}.Release|Any CPU.ActiveCfg = Release|Any CPU
		{E2DCBF8A-20C0-4038-9B85-18C6C2A484FD}.Release|Any CPU.Build.0 = Release|Any CPU
	EndGlobalSection
	GlobalSection(SolutionProperties) = preSolution
		HideSolutionNode = FALSE
	EndGlobalSection
	GlobalSection(ExtensibilityGlobals) = postSolution
		SolutionGuid = {1CFE91DD-BAAE-4827-9DC9-F7D6D785BCE7}
	EndGlobalSection
EndGlobal
