
Microsoft Visual Studio Solution File, Format Version 12.00
# Visual Studio Version 17
VisualStudioVersion = 17.9.34714.143
MinimumVisualStudioVersion = 10.0.40219.1
Project("{8BC9CEB8-8B4A-11D0-8D11-00A0C91BC942}") = "01.12.24", "01.12.24\01.12.24.vcxproj", "{BB09A05A-D3B6-4135-B03E-FBC701AC8D41}"
EndProject
Global
	GlobalSection(SolutionConfigurationPlatforms) = preSolution
		Debug|x64 = Debug|x64
		Debug|x86 = Debug|x86
		Release|x64 = Release|x64
		Release|x86 = Release|x86
	EndGlobalSection
	GlobalSection(ProjectConfigurationPlatforms) = postSolution
		{BB09A05A-D3B6-4135-B03E-FBC701AC8D41}.Debug|x64.ActiveCfg = Debug|x64
		{BB09A05A-D3B6-4135-B03E-FBC701AC8D41}.Debug|x64.Build.0 = Debug|x64
		{BB09A05A-D3B6-4135-B03E-FBC701AC8D41}.Debug|x86.ActiveCfg = Debug|Win32
		{BB09A05A-D3B6-4135-B03E-FBC701AC8D41}.Debug|x86.Build.0 = Debug|Win32
		{BB09A05A-D3B6-4135-B03E-FBC701AC8D41}.Release|x64.ActiveCfg = Release|x64
		{BB09A05A-D3B6-4135-B03E-FBC701AC8D41}.Release|x64.Build.0 = Release|x64
		{BB09A05A-D3B6-4135-B03E-FBC701AC8D41}.Release|x86.ActiveCfg = Release|Win32
		{BB09A05A-D3B6-4135-B03E-FBC701AC8D41}.Release|x86.Build.0 = Release|Win32
	EndGlobalSection
	GlobalSection(SolutionProperties) = preSolution
		HideSolutionNode = FALSE
	EndGlobalSection
	GlobalSection(ExtensibilityGlobals) = postSolution
		SolutionGuid = {563397D8-1FB8-4F08-940E-C063FF597480}
	EndGlobalSection
EndGlobal
