
Microsoft Visual Studio Solution File, Format Version 12.00
# Visual Studio Version 17
VisualStudioVersion = 17.13.35931.197 d17.13
MinimumVisualStudioVersion = 10.0.40219.1
Project("{FAE04EC0-301F-11D3-BF4B-00C04F79EFBC}") = "19_06_3", "19_06_3\19_06_3.csproj", "{FADABB9F-F163-4071-9116-7E775E54C7B5}"
EndProject
Global
	GlobalSection(SolutionConfigurationPlatforms) = preSolution
		Debug|Any CPU = Debug|Any CPU
		Release|Any CPU = Release|Any CPU
	EndGlobalSection
	GlobalSection(ProjectConfigurationPlatforms) = postSolution
		{FADABB9F-F163-4071-9116-7E775E54C7B5}.Debug|Any CPU.ActiveCfg = Debug|Any CPU
		{FADABB9F-F163-4071-9116-7E775E54C7B5}.Debug|Any CPU.Build.0 = Debug|Any CPU
		{FADABB9F-F163-4071-9116-7E775E54C7B5}.Release|Any CPU.ActiveCfg = Release|Any CPU
		{FADABB9F-F163-4071-9116-7E775E54C7B5}.Release|Any CPU.Build.0 = Release|Any CPU
	EndGlobalSection
	GlobalSection(SolutionProperties) = preSolution
		HideSolutionNode = FALSE
	EndGlobalSection
	GlobalSection(ExtensibilityGlobals) = postSolution
		SolutionGuid = {AF3330E6-1DC9-4C06-911A-437F9D3A52D1}
	EndGlobalSection
EndGlobal
