
Microsoft Visual Studio Solution File, Format Version 12.00
# Visual Studio Version 17
VisualStudioVersion = 17.13.35931.197 d17.13
MinimumVisualStudioVersion = 10.0.40219.1
Project("{FAE04EC0-301F-11D3-BF4B-00C04F79EFBC}") = "16_06", "16_06\16_06.csproj", "{1D58AD8D-C0CC-40D1-9AE8-E2B807C97361}"
EndProject
Global
	GlobalSection(SolutionConfigurationPlatforms) = preSolution
		Debug|Any CPU = Debug|Any CPU
		Release|Any CPU = Release|Any CPU
	EndGlobalSection
	GlobalSection(ProjectConfigurationPlatforms) = postSolution
		{1D58AD8D-C0CC-40D1-9AE8-E2B807C97361}.Debug|Any CPU.ActiveCfg = Debug|Any CPU
		{1D58AD8D-C0CC-40D1-9AE8-E2B807C97361}.Debug|Any CPU.Build.0 = Debug|Any CPU
		{1D58AD8D-C0CC-40D1-9AE8-E2B807C97361}.Release|Any CPU.ActiveCfg = Release|Any CPU
		{1D58AD8D-C0CC-40D1-9AE8-E2B807C97361}.Release|Any CPU.Build.0 = Release|Any CPU
	EndGlobalSection
	GlobalSection(SolutionProperties) = preSolution
		HideSolutionNode = FALSE
	EndGlobalSection
	GlobalSection(ExtensibilityGlobals) = postSolution
		SolutionGuid = {F4C39BB0-9E41-45E6-A2AA-51BE59DD0D63}
	EndGlobalSection
EndGlobal
