
Microsoft Visual Studio Solution File, Format Version 12.00
# Visual Studio Version 17
VisualStudioVersion = 17.13.35931.197 d17.13
MinimumVisualStudioVersion = 10.0.40219.1
Project("{FAE04EC0-301F-11D3-BF4B-00C04F79EFBC}") = "25_06", "25_06\25_06.csproj", "{09062062-FB32-4082-A414-9A0E5BEF5E67}"
EndProject
Global
	GlobalSection(SolutionConfigurationPlatforms) = preSolution
		Debug|Any CPU = Debug|Any CPU
		Release|Any CPU = Release|Any CPU
	EndGlobalSection
	GlobalSection(ProjectConfigurationPlatforms) = postSolution
		{09062062-FB32-4082-A414-9A0E5BEF5E67}.Debug|Any CPU.ActiveCfg = Debug|Any CPU
		{09062062-FB32-4082-A414-9A0E5BEF5E67}.Debug|Any CPU.Build.0 = Debug|Any CPU
		{09062062-FB32-4082-A414-9A0E5BEF5E67}.Release|Any CPU.ActiveCfg = Release|Any CPU
		{09062062-FB32-4082-A414-9A0E5BEF5E67}.Release|Any CPU.Build.0 = Release|Any CPU
	EndGlobalSection
	GlobalSection(SolutionProperties) = preSolution
		HideSolutionNode = FALSE
	EndGlobalSection
	GlobalSection(ExtensibilityGlobals) = postSolution
		SolutionGuid = {A2F43CC1-F763-45E8-BDB1-55C433F78706}
	EndGlobalSection
EndGlobal
