
Microsoft Visual Studio Solution File, Format Version 12.00
# Visual Studio Version 17
VisualStudioVersion = 17.13.35931.197 d17.13
MinimumVisualStudioVersion = 10.0.40219.1
Project("{FAE04EC0-301F-11D3-BF4B-00C04F79EFBC}") = "23_05_1", "23_05_1\23_05_1.csproj", "{D1B1186A-99B6-4DB7-BDB3-FF32C55CFDF7}"
EndProject
Global
	GlobalSection(SolutionConfigurationPlatforms) = preSolution
		Debug|Any CPU = Debug|Any CPU
		Release|Any CPU = Release|Any CPU
	EndGlobalSection
	GlobalSection(ProjectConfigurationPlatforms) = postSolution
		{D1B1186A-99B6-4DB7-BDB3-FF32C55CFDF7}.Debug|Any CPU.ActiveCfg = Debug|Any CPU
		{D1B1186A-99B6-4DB7-BDB3-FF32C55CFDF7}.Debug|Any CPU.Build.0 = Debug|Any CPU
		{D1B1186A-99B6-4DB7-BDB3-FF32C55CFDF7}.Release|Any CPU.ActiveCfg = Release|Any CPU
		{D1B1186A-99B6-4DB7-BDB3-FF32C55CFDF7}.Release|Any CPU.Build.0 = Release|Any CPU
	EndGlobalSection
	GlobalSection(SolutionProperties) = preSolution
		HideSolutionNode = FALSE
	EndGlobalSection
	GlobalSection(ExtensibilityGlobals) = postSolution
		SolutionGuid = {E599DA1A-1F9F-402D-940A-C2DC6A3D092A}
	EndGlobalSection
EndGlobal
