
Microsoft Visual Studio Solution File, Format Version 12.00
# Visual Studio Version 17
VisualStudioVersion = 17.13.35931.197 d17.13
MinimumVisualStudioVersion = 10.0.40219.1
Project("{FAE04EC0-301F-11D3-BF4B-00C04F79EFBC}") = "14_05", "14_05\14_05.csproj", "{47BA7CCA-9E85-4E23-A4DE-47506DF0777C}"
EndProject
Global
	GlobalSection(SolutionConfigurationPlatforms) = preSolution
		Debug|Any CPU = Debug|Any CPU
		Release|Any CPU = Release|Any CPU
	EndGlobalSection
	GlobalSection(ProjectConfigurationPlatforms) = postSolution
		{47BA7CCA-9E85-4E23-A4DE-47506DF0777C}.Debug|Any CPU.ActiveCfg = Debug|Any CPU
		{47BA7CCA-9E85-4E23-A4DE-47506DF0777C}.Debug|Any CPU.Build.0 = Debug|Any CPU
		{47BA7CCA-9E85-4E23-A4DE-47506DF0777C}.Release|Any CPU.ActiveCfg = Release|Any CPU
		{47BA7CCA-9E85-4E23-A4DE-47506DF0777C}.Release|Any CPU.Build.0 = Release|Any CPU
	EndGlobalSection
	GlobalSection(SolutionProperties) = preSolution
		HideSolutionNode = FALSE
	EndGlobalSection
	GlobalSection(ExtensibilityGlobals) = postSolution
		SolutionGuid = {D17E75A9-907F-4F59-B8AD-4ACA02428DF6}
	EndGlobalSection
EndGlobal
